// !$*UTF8*$!
{
	archiveVersion = 1;
	classes = {
	};
	objectVersion = 46;
	objects = {

/* Begin PBXBuildFile section */
		0B46D5D91E6E1CC500F0D819 /* MultiModeViewController.swift in Sources */ = {isa = PBXBuildFile; fileRef = 0B46D5D81E6E1CC500F0D819 /* MultiModeViewController.swift */; };
		0B65B9291E6211DE007D93C2 /* Foliage.swift in Sources */ = {isa = PBXBuildFile; fileRef = 0B65B9281E6211DE007D93C2 /* Foliage.swift */; };
		0BAE2E601E64D5C000B99057 /* ColorPalette.swift in Sources */ = {isa = PBXBuildFile; fileRef = 0BAE2E5F1E64D5C000B99057 /* ColorPalette.swift */; };
		0BD44F1D1E6DE8CF008A1321 /* Random.swift in Sources */ = {isa = PBXBuildFile; fileRef = 0BD44F1C1E6DE8CF008A1321 /* Random.swift */; };
		D069FFB91C7F9CB70069B3F4 /* ContactPictureWriter.swift in Sources */ = {isa = PBXBuildFile; fileRef = D069FFB81C7F9CB70069B3F4 /* ContactPictureWriter.swift */; };
		D069FFBB1C7FB02D0069B3F4 /* ContactAccessViewController.swift in Sources */ = {isa = PBXBuildFile; fileRef = D069FFBA1C7FB02D0069B3F4 /* ContactAccessViewController.swift */; };
		D0B1389E1C7BB93C00E58407 /* ImageFactory.swift in Sources */ = {isa = PBXBuildFile; fileRef = D0B1389D1C7BB93C00E58407 /* ImageFactory.swift */; };
		D0CA32B21C7BA87B007E7B0F /* AppDelegate.swift in Sources */ = {isa = PBXBuildFile; fileRef = D0CA32B11C7BA87B007E7B0F /* AppDelegate.swift */; };
		D0CA32B71C7BA87B007E7B0F /* Main.storyboard in Resources */ = {isa = PBXBuildFile; fileRef = D0CA32B51C7BA87B007E7B0F /* Main.storyboard */; };
		D0CA32B91C7BA87B007E7B0F /* Assets.xcassets in Resources */ = {isa = PBXBuildFile; fileRef = D0CA32B81C7BA87B007E7B0F /* Assets.xcassets */; };
		D0CA32BC1C7BA87B007E7B0F /* LaunchScreen.storyboard in Resources */ = {isa = PBXBuildFile; fileRef = D0CA32BA1C7BA87B007E7B0F /* LaunchScreen.storyboard */; };
		D0CA32C51C7BAA82007E7B0F /* MiContact.swift in Sources */ = {isa = PBXBuildFile; fileRef = D0CA32C41C7BAA82007E7B0F /* MiContact.swift */; };
		D0CA32D01C7BB071007E7B0F /* WelcomeViewController.swift in Sources */ = {isa = PBXBuildFile; fileRef = D0CA32CF1C7BB071007E7B0F /* WelcomeViewController.swift */; };
		D0CA32D21C7BB1F5007E7B0F /* SingleContactViewController.swift in Sources */ = {isa = PBXBuildFile; fileRef = D0CA32D11C7BB1F5007E7B0F /* SingleContactViewController.swift */; };
/* End PBXBuildFile section */

/* Begin PBXFileReference section */
		0B46D5D81E6E1CC500F0D819 /* MultiModeViewController.swift */ = {isa = PBXFileReference; fileEncoding = 4; lastKnownFileType = sourcecode.swift; name = MultiModeViewController.swift; path = Views/ViewController/MultiModeViewController.swift; sourceTree = "<group>"; };
		0B65B9281E6211DE007D93C2 /* Foliage.swift */ = {isa = PBXFileReference; fileEncoding = 4; lastKnownFileType = sourcecode.swift; name = Foliage.swift; path = Engine/Foliage.swift; sourceTree = "<group>"; };
		0BAE2E5F1E64D5C000B99057 /* ColorPalette.swift */ = {isa = PBXFileReference; fileEncoding = 4; lastKnownFileType = sourcecode.swift; name = ColorPalette.swift; path = Engine/ColorPalette.swift; sourceTree = "<group>"; };
		0BD44F1C1E6DE8CF008A1321 /* Random.swift */ = {isa = PBXFileReference; fileEncoding = 4; lastKnownFileType = sourcecode.swift; name = Random.swift; path = Engine/Random.swift; sourceTree = "<group>"; };
		D069FFB81C7F9CB70069B3F4 /* ContactPictureWriter.swift */ = {isa = PBXFileReference; fileEncoding = 4; lastKnownFileType = sourcecode.swift; name = ContactPictureWriter.swift; path = Engine/ContactPictureWriter.swift; sourceTree = "<group>"; };
		D069FFBA1C7FB02D0069B3F4 /* ContactAccessViewController.swift */ = {isa = PBXFileReference; fileEncoding = 4; lastKnownFileType = sourcecode.swift; name = ContactAccessViewController.swift; path = Views/ViewController/ContactAccessViewController.swift; sourceTree = "<group>"; };
		D0B1389D1C7BB93C00E58407 /* ImageFactory.swift */ = {isa = PBXFileReference; fileEncoding = 4; lastKnownFileType = sourcecode.swift; name = ImageFactory.swift; path = Engine/ImageFactory.swift; sourceTree = "<group>"; };
		D0CA32AE1C7BA87B007E7B0F /* Micopi.app */ = {isa = PBXFileReference; explicitFileType = wrapper.application; includeInIndex = 0; path = Micopi.app; sourceTree = BUILT_PRODUCTS_DIR; };
		D0CA32B11C7BA87B007E7B0F /* AppDelegate.swift */ = {isa = PBXFileReference; lastKnownFileType = sourcecode.swift; path = AppDelegate.swift; sourceTree = "<group>"; };
		D0CA32B61C7BA87B007E7B0F /* Base */ = {isa = PBXFileReference; lastKnownFileType = file.storyboard; name = Base; path = Base.lproj/Main.storyboard; sourceTree = "<group>"; };
		D0CA32B81C7BA87B007E7B0F /* Assets.xcassets */ = {isa = PBXFileReference; lastKnownFileType = folder.assetcatalog; path = Assets.xcassets; sourceTree = "<group>"; };
		D0CA32BB1C7BA87B007E7B0F /* Base */ = {isa = PBXFileReference; lastKnownFileType = file.storyboard; name = Base; path = Base.lproj/LaunchScreen.storyboard; sourceTree = "<group>"; };
		D0CA32BD1C7BA87B007E7B0F /* Info.plist */ = {isa = PBXFileReference; lastKnownFileType = text.plist.xml; path = Info.plist; sourceTree = "<group>"; };
		D0CA32C41C7BAA82007E7B0F /* MiContact.swift */ = {isa = PBXFileReference; fileEncoding = 4; lastKnownFileType = sourcecode.swift; name = MiContact.swift; path = Data/MiContact.swift; sourceTree = "<group>"; };
		D0CA32C61C7BAB58007E7B0F /* micopi-Bridging-Header.h */ = {isa = PBXFileReference; lastKnownFileType = sourcecode.c.h; path = "micopi-Bridging-Header.h"; sourceTree = "<group>"; };
		D0CA32CF1C7BB071007E7B0F /* WelcomeViewController.swift */ = {isa = PBXFileReference; fileEncoding = 4; lastKnownFileType = sourcecode.swift; name = WelcomeViewController.swift; path = Views/ViewController/WelcomeViewController.swift; sourceTree = "<group>"; };
		D0CA32D11C7BB1F5007E7B0F /* SingleContactViewController.swift */ = {isa = PBXFileReference; fileEncoding = 4; lastKnownFileType = sourcecode.swift; name = SingleContactViewController.swift; path = Views/ViewController/SingleContactViewController.swift; sourceTree = "<group>"; };
/* End PBXFileReference section */

/* Begin PBXFrameworksBuildPhase section */
		D0CA32AB1C7BA87B007E7B0F /* Frameworks */ = {
			isa = PBXFrameworksBuildPhase;
			buildActionMask = 2147483647;
			files = (
			);
			runOnlyForDeploymentPostprocessing = 0;
		};
/* End PBXFrameworksBuildPhase section */

/* Begin PBXGroup section */
		D0CA32A51C7BA87B007E7B0F = {
			isa = PBXGroup;
			children = (
				D0CA32B01C7BA87B007E7B0F /* micopi */,
				D0CA32AF1C7BA87B007E7B0F /* Products */,
				D0CA32C61C7BAB58007E7B0F /* micopi-Bridging-Header.h */,
			);
			sourceTree = "<group>";
		};
		D0CA32AF1C7BA87B007E7B0F /* Products */ = {
			isa = PBXGroup;
			children = (
				D0CA32AE1C7BA87B007E7B0F /* Micopi.app */,
			);
			name = Products;
			sourceTree = "<group>";
		};
		D0CA32B01C7BA87B007E7B0F /* micopi */ = {
			isa = PBXGroup;
			children = (
				D0CA32CB1C7BB01D007E7B0F /* Views */,
				D0CA32CA1C7BAD99007E7B0F /* Engine */,
				D0CA32C31C7BAA57007E7B0F /* Data */,
				D0CA32B11C7BA87B007E7B0F /* AppDelegate.swift */,
				D0CA32B51C7BA87B007E7B0F /* Main.storyboard */,
				D0CA32B81C7BA87B007E7B0F /* Assets.xcassets */,
				D0CA32BA1C7BA87B007E7B0F /* LaunchScreen.storyboard */,
				D0CA32BD1C7BA87B007E7B0F /* Info.plist */,
			);
			path = micopi;
			sourceTree = "<group>";
		};
		D0CA32C31C7BAA57007E7B0F /* Data */ = {
			isa = PBXGroup;
			children = (
				D0CA32C41C7BAA82007E7B0F /* MiContact.swift */,
				D069FFB81C7F9CB70069B3F4 /* ContactPictureWriter.swift */,
			);
			name = Data;
			sourceTree = "<group>";
		};
		D0CA32CA1C7BAD99007E7B0F /* Engine */ = {
			isa = PBXGroup;
			children = (
				D0B1389D1C7BB93C00E58407 /* ImageFactory.swift */,
				0B65B9281E6211DE007D93C2 /* Foliage.swift */,
				0BAE2E5F1E64D5C000B99057 /* ColorPalette.swift */,
				0BD44F1C1E6DE8CF008A1321 /* Random.swift */,
			);
			name = Engine;
			sourceTree = "<group>";
		};
		D0CA32CB1C7BB01D007E7B0F /* Views */ = {
			isa = PBXGroup;
			children = (
				D0CA32CC1C7BB026007E7B0F /* ViewController */,
			);
			name = Views;
			sourceTree = "<group>";
		};
		D0CA32CC1C7BB026007E7B0F /* ViewController */ = {
			isa = PBXGroup;
			children = (
				D0CA32CF1C7BB071007E7B0F /* WelcomeViewController.swift */,
				D0CA32D11C7BB1F5007E7B0F /* SingleContactViewController.swift */,
				D069FFBA1C7FB02D0069B3F4 /* ContactAccessViewController.swift */,
				0B46D5D81E6E1CC500F0D819 /* MultiModeViewController.swift */,
			);
			name = ViewController;
			sourceTree = "<group>";
		};
/* End PBXGroup section */

/* Begin PBXNativeTarget section */
		D0CA32AD1C7BA87B007E7B0F /* micopi */ = {
			isa = PBXNativeTarget;
			buildConfigurationList = D0CA32C01C7BA87B007E7B0F /* Build configuration list for PBXNativeTarget "micopi" */;
			buildPhases = (
				D0CA32AA1C7BA87B007E7B0F /* Sources */,
				D0CA32AB1C7BA87B007E7B0F /* Frameworks */,
				D0CA32AC1C7BA87B007E7B0F /* Resources */,
			);
			buildRules = (
			);
			dependencies = (
			);
			name = micopi;
			productName = micopi;
			productReference = D0CA32AE1C7BA87B007E7B0F /* Micopi.app */;
			productType = "com.apple.product-type.application";
		};
/* End PBXNativeTarget section */

/* Begin PBXProject section */
		D0CA32A61C7BA87B007E7B0F /* Project object */ = {
			isa = PBXProject;
			attributes = {
				LastSwiftUpdateCheck = 0720;
				LastUpgradeCheck = 0720;
				ORGANIZATIONNAME = "Easy Target";
				TargetAttributes = {
					D0CA32AD1C7BA87B007E7B0F = {
						CreatedOnToolsVersion = 7.2.1;
						DevelopmentTeam = X59SC9WX5X;
						LastSwiftMigration = 0820;
					};
				};
			};
			buildConfigurationList = D0CA32A91C7BA87B007E7B0F /* Build configuration list for PBXProject "micopi" */;
			compatibilityVersion = "Xcode 3.2";
			developmentRegion = English;
			hasScannedForEncodings = 0;
			knownRegions = (
				en,
				Base,
			);
			mainGroup = D0CA32A51C7BA87B007E7B0F;
			productRefGroup = D0CA32AF1C7BA87B007E7B0F /* Products */;
			projectDirPath = "";
			projectRoot = "";
			targets = (
				D0CA32AD1C7BA87B007E7B0F /* micopi */,
			);
		};
/* End PBXProject section */

/* Begin PBXResourcesBuildPhase section */
		D0CA32AC1C7BA87B007E7B0F /* Resources */ = {
			isa = PBXResourcesBuildPhase;
			buildActionMask = 2147483647;
			files = (
				D0CA32BC1C7BA87B007E7B0F /* LaunchScreen.storyboard in Resources */,
				D0CA32B91C7BA87B007E7B0F /* Assets.xcassets in Resources */,
				D0CA32B71C7BA87B007E7B0F /* Main.storyboard in Resources */,
			);
			runOnlyForDeploymentPostprocessing = 0;
		};
/* End PBXResourcesBuildPhase section */

/* Begin PBXSourcesBuildPhase section */
		D0CA32AA1C7BA87B007E7B0F /* Sources */ = {
			isa = PBXSourcesBuildPhase;
			buildActionMask = 2147483647;
			files = (
				0B46D5D91E6E1CC500F0D819 /* MultiModeViewController.swift in Sources */,
				D0B1389E1C7BB93C00E58407 /* ImageFactory.swift in Sources */,
				D0CA32D01C7BB071007E7B0F /* WelcomeViewController.swift in Sources */,
				0BAE2E601E64D5C000B99057 /* ColorPalette.swift in Sources */,
				D069FFB91C7F9CB70069B3F4 /* ContactPictureWriter.swift in Sources */,
				D069FFBB1C7FB02D0069B3F4 /* ContactAccessViewController.swift in Sources */,
				D0CA32D21C7BB1F5007E7B0F /* SingleContactViewController.swift in Sources */,
				D0CA32C51C7BAA82007E7B0F /* MiContact.swift in Sources */,
				D0CA32B21C7BA87B007E7B0F /* AppDelegate.swift in Sources */,
				0B65B9291E6211DE007D93C2 /* Foliage.swift in Sources */,
				0BD44F1D1E6DE8CF008A1321 /* Random.swift in Sources */,
			);
			runOnlyForDeploymentPostprocessing = 0;
		};
/* End PBXSourcesBuildPhase section */

/* Begin PBXVariantGroup section */
		D0CA32B51C7BA87B007E7B0F /* Main.storyboard */ = {
			isa = PBXVariantGroup;
			children = (
				D0CA32B61C7BA87B007E7B0F /* Base */,
			);
			name = Main.storyboard;
			sourceTree = "<group>";
		};
		D0CA32BA1C7BA87B007E7B0F /* LaunchScreen.storyboard */ = {
			isa = PBXVariantGroup;
			children = (
				D0CA32BB1C7BA87B007E7B0F /* Base */,
			);
			name = LaunchScreen.storyboard;
			sourceTree = "<group>";
		};
/* End PBXVariantGroup section */

/* Begin XCBuildConfiguration section */
		D0CA32BE1C7BA87B007E7B0F /* Debug */ = {
			isa = XCBuildConfiguration;
			buildSettings = {
				ALWAYS_SEARCH_USER_PATHS = NO;
				CLANG_CXX_LANGUAGE_STANDARD = "gnu++0x";
				CLANG_CXX_LIBRARY = "libc++";
				CLANG_ENABLE_MODULES = YES;
				CLANG_ENABLE_OBJC_ARC = YES;
				CLANG_WARN_BOOL_CONVERSION = YES;
				CLANG_WARN_CONSTANT_CONVERSION = YES;
				CLANG_WARN_DIRECT_OBJC_ISA_USAGE = YES_ERROR;
				CLANG_WARN_EMPTY_BODY = YES;
				CLANG_WARN_ENUM_CONVERSION = YES;
				CLANG_WARN_INT_CONVERSION = YES;
				CLANG_WARN_OBJC_ROOT_CLASS = YES_ERROR;
				CLANG_WARN_UNREACHABLE_CODE = YES;
				CLANG_WARN__DUPLICATE_METHOD_MATCH = YES;
				"CODE_SIGN_IDENTITY[sdk=iphoneos*]" = "iPhone Developer";
				COPY_PHASE_STRIP = NO;
				DEBUG_INFORMATION_FORMAT = dwarf;
				ENABLE_STRICT_OBJC_MSGSEND = YES;
				ENABLE_TESTABILITY = YES;
				GCC_C_LANGUAGE_STANDARD = gnu99;
				GCC_DYNAMIC_NO_PIC = NO;
				GCC_NO_COMMON_BLOCKS = YES;
				GCC_OPTIMIZATION_LEVEL = 0;
				GCC_PREPROCESSOR_DEFINITIONS = (
					"DEBUG=1",
					"$(inherited)",
				);
				GCC_WARN_64_TO_32_BIT_CONVERSION = YES;
				GCC_WARN_ABOUT_RETURN_TYPE = YES_ERROR;
				GCC_WARN_UNDECLARED_SELECTOR = YES;
				GCC_WARN_UNINITIALIZED_AUTOS = YES_AGGRESSIVE;
				GCC_WARN_UNUSED_FUNCTION = YES;
				GCC_WARN_UNUSED_VARIABLE = YES;
				IPHONEOS_DEPLOYMENT_TARGET = 9.2;
				MTL_ENABLE_DEBUG_INFO = YES;
				ONLY_ACTIVE_ARCH = YES;
				SDKROOT = iphoneos;
				SWIFT_OPTIMIZATION_LEVEL = "-Onone";
				TARGETED_DEVICE_FAMILY = "1,2";
			};
			name = Debug;
		};
		D0CA32BF1C7BA87B007E7B0F /* Release */ = {
			isa = XCBuildConfiguration;
			buildSettings = {
				ALWAYS_SEARCH_USER_PATHS = NO;
				CLANG_CXX_LANGUAGE_STANDARD = "gnu++0x";
				CLANG_CXX_LIBRARY = "libc++";
				CLANG_ENABLE_MODULES = YES;
				CLANG_ENABLE_OBJC_ARC = YES;
				CLANG_WARN_BOOL_CONVERSION = YES;
				CLANG_WARN_CONSTANT_CONVERSION = YES;
				CLANG_WARN_DIRECT_OBJC_ISA_USAGE = YES_ERROR;
				CLANG_WARN_EMPTY_BODY = YES;
				CLANG_WARN_ENUM_CONVERSION = YES;
				CLANG_WARN_INT_CONVERSION = YES;
				CLANG_WARN_OBJC_ROOT_CLASS = YES_ERROR;
				CLANG_WARN_UNREACHABLE_CODE = YES;
				CLANG_WARN__DUPLICATE_METHOD_MATCH = YES;
				"CODE_SIGN_IDENTITY[sdk=iphoneos*]" = "iPhone Developer";
				COPY_PHASE_STRIP = NO;
				DEBUG_INFORMATION_FORMAT = "dwarf-with-dsym";
				ENABLE_NS_ASSERTIONS = NO;
				ENABLE_STRICT_OBJC_MSGSEND = YES;
				GCC_C_LANGUAGE_STANDARD = gnu99;
				GCC_NO_COMMON_BLOCKS = YES;
				GCC_WARN_64_TO_32_BIT_CONVERSION = YES;
				GCC_WARN_ABOUT_RETURN_TYPE = YES_ERROR;
				GCC_WARN_UNDECLARED_SELECTOR = YES;
				GCC_WARN_UNINITIALIZED_AUTOS = YES_AGGRESSIVE;
				GCC_WARN_UNUSED_FUNCTION = YES;
				GCC_WARN_UNUSED_VARIABLE = YES;
				IPHONEOS_DEPLOYMENT_TARGET = 9.2;
				MTL_ENABLE_DEBUG_INFO = NO;
				SDKROOT = iphoneos;
				TARGETED_DEVICE_FAMILY = "1,2";
				VALIDATE_PRODUCT = YES;
			};
			name = Release;
		};
		D0CA32C11C7BA87B007E7B0F /* Debug */ = {
			isa = XCBuildConfiguration;
			buildSettings = {
				ASSETCATALOG_COMPILER_APPICON_NAME = AppIcon;
				CLANG_ENABLE_MODULES = YES;
				CODE_SIGN_IDENTITY = "iPhone Developer";
				DEVELOPMENT_TEAM = X59SC9WX5X;
				INFOPLIST_FILE = micopi/Info.plist;
				LD_RUNPATH_SEARCH_PATHS = "$(inherited) @executable_path/Frameworks";
				PRODUCT_BUNDLE_IDENTIFIER = org.eztarget.micopi;
				PRODUCT_NAME = Micopi;
				SWIFT_OBJC_BRIDGING_HEADER = "micopi-Bridging-Header.h";
				SWIFT_OPTIMIZATION_LEVEL = "-Onone";
				SWIFT_VERSION = 3.0;
			};
			name = Debug;
		};
		D0CA32C21C7BA87B007E7B0F /* Release */ = {
			isa = XCBuildConfiguration;
			buildSettings = {
				ASSETCATALOG_COMPILER_APPICON_NAME = AppIcon;
				CLANG_ENABLE_MODULES = YES;
				CODE_SIGN_IDENTITY = "iPhone Developer";
				DEVELOPMENT_TEAM = X59SC9WX5X;
				INFOPLIST_FILE = micopi/Info.plist;
				LD_RUNPATH_SEARCH_PATHS = "$(inherited) @executable_path/Frameworks";
				PRODUCT_BUNDLE_IDENTIFIER = org.eztarget.micopi;
				PRODUCT_NAME = Micopi;
				SWIFT_OBJC_BRIDGING_HEADER = "micopi-Bridging-Header.h";
				SWIFT_VERSION = 3.0;
			};
			name = Release;
		};
/* End XCBuildConfiguration section */

/* Begin XCConfigurationList section */
		D0CA32A91C7BA87B007E7B0F /* Build configuration list for PBXProject "micopi" */ = {
			isa = XCConfigurationList;
			buildConfigurations = (
				D0CA32BE1C7BA87B007E7B0F /* Debug */,
				D0CA32BF1C7BA87B007E7B0F /* Release */,
			);
			defaultConfigurationIsVisible = 0;
			defaultConfigurationName = Release;
		};
		D0CA32C01C7BA87B007E7B0F /* Build configuration list for PBXNativeTarget "micopi" */ = {
			isa = XCConfigurationList;
			buildConfigurations = (
				D0CA32C11C7BA87B007E7B0F /* Debug */,
				D0CA32C21C7BA87B007E7B0F /* Release */,
			);
			defaultConfigurationIsVisible = 0;
			defaultConfigurationName = Release;
		};
/* End XCConfigurationList section */
	};
	rootObject = D0CA32A61C7BA87B007E7B0F /* Project object */;
}
