// !$*UTF8*$!
{
	archiveVersion = 1;
	classes = {
	};
	objectVersion = 50;
	objects = {

/* Begin PBXBuildFile section */
		0B4064932299E00800D2BFFF /* AppDelegate.swift in Sources */ = {isa = PBXBuildFile; fileRef = 0B4064922299E00800D2BFFF /* AppDelegate.swift */; };
		0B4064952299E00800D2BFFF /* MenuViewController.swift in Sources */ = {isa = PBXBuildFile; fileRef = 0B4064942299E00800D2BFFF /* MenuViewController.swift */; };
		0B4064982299E00800D2BFFF /* Main.storyboard in Resources */ = {isa = PBXBuildFile; fileRef = 0B4064962299E00800D2BFFF /* Main.storyboard */; };
		0B40649A2299E00A00D2BFFF /* Assets.xcassets in Resources */ = {isa = PBXBuildFile; fileRef = 0B4064992299E00A00D2BFFF /* Assets.xcassets */; };
		0B40649D2299E00A00D2BFFF /* LaunchScreen.storyboard in Resources */ = {isa = PBXBuildFile; fileRef = 0B40649B2299E00A00D2BFFF /* LaunchScreen.storyboard */; };
		0B4064A82299E00A00D2BFFF /* micopiTests.swift in Sources */ = {isa = PBXBuildFile; fileRef = 0B4064A72299E00A00D2BFFF /* micopiTests.swift */; };
		0B4064B32299E00A00D2BFFF /* micopiUITests.swift in Sources */ = {isa = PBXBuildFile; fileRef = 0B4064B22299E00A00D2BFFF /* micopiUITests.swift */; };
		0B4064C12299E28C00D2BFFF /* ContactPickerWrapperViewController.swift in Sources */ = {isa = PBXBuildFile; fileRef = 0B4064C02299E28C00D2BFFF /* ContactPickerWrapperViewController.swift */; };
		0B4064C72299ED8F00D2BFFF /* Contact.swift in Sources */ = {isa = PBXBuildFile; fileRef = 0B4064C62299ED8F00D2BFFF /* Contact.swift */; };
		0B4064C92299EE1B00D2BFFF /* ContactCNConverter.swift in Sources */ = {isa = PBXBuildFile; fileRef = 0B4064C82299EE1B00D2BFFF /* ContactCNConverter.swift */; };
		0B56545B229C1DA8000076E0 /* ContactHashWrapper.swift in Sources */ = {isa = PBXBuildFile; fileRef = 0B56545A229C1DA8000076E0 /* ContactHashWrapper.swift */; };
		0B56545D229C20B1000076E0 /* ImagePreviewViewController.swift in Sources */ = {isa = PBXBuildFile; fileRef = 0B56545C229C20B1000076E0 /* ImagePreviewViewController.swift */; };
		0B97D51522B0500800B84594 /* ARGBColor.swift in Sources */ = {isa = PBXBuildFile; fileRef = 0B97D51422B0500800B84594 /* ARGBColor.swift */; };
		0B97D51822B0508C00B84594 /* RandomColorGenerator.swift in Sources */ = {isa = PBXBuildFile; fileRef = 0B97D51722B0508C00B84594 /* RandomColorGenerator.swift */; };
		0B98D82322A9B3F8009B266B /* InitialsDrawer.swift in Sources */ = {isa = PBXBuildFile; fileRef = 0B98D82222A9B3F8009B266B /* InitialsDrawer.swift */; };
		0B98D82522A9B51F009B266B /* FoliageNode.swift in Sources */ = {isa = PBXBuildFile; fileRef = 0B98D82422A9B51F009B266B /* FoliageNode.swift */; };
		0B98D82722A9B5C2009B266B /* Foliage.swift in Sources */ = {isa = PBXBuildFile; fileRef = 0B98D82622A9B5C2009B266B /* Foliage.swift */; };
		0B98D82922A9B969009B266B /* RandomNumberGenerator.swift in Sources */ = {isa = PBXBuildFile; fileRef = 0B98D82822A9B969009B266B /* RandomNumberGenerator.swift */; };
		0B98D82B22A9C7F0009B266B /* Calculator.swift in Sources */ = {isa = PBXBuildFile; fileRef = 0B98D82A22A9C7F0009B266B /* Calculator.swift */; };
		0B98D82D22A9C901009B266B /* FoliageNodeCGDrawer.swift in Sources */ = {isa = PBXBuildFile; fileRef = 0B98D82C22A9C901009B266B /* FoliageNodeCGDrawer.swift */; };
		3010CE95229DD85200CD32D4 /* ContactImageEngine.swift in Sources */ = {isa = PBXBuildFile; fileRef = 3010CE94229DD85200CD32D4 /* ContactImageEngine.swift */; };
		3072609322AA919D003B2FC4 /* BackgroundCGDrawer.swift in Sources */ = {isa = PBXBuildFile; fileRef = 3072609222AA919D003B2FC4 /* BackgroundCGDrawer.swift */; };
		3072609522AA9741003B2FC4 /* FoliageGenerator.swift in Sources */ = {isa = PBXBuildFile; fileRef = 3072609422AA9741003B2FC4 /* FoliageGenerator.swift */; };
		3074EEA622ADA58E008445DD /* GradientDrawer.swift in Sources */ = {isa = PBXBuildFile; fileRef = 3074EEA522ADA58E008445DD /* GradientDrawer.swift */; };
		3074EEA822ADA68F008445DD /* ColorPalette.swift in Sources */ = {isa = PBXBuildFile; fileRef = 3074EEA722ADA68F008445DD /* ColorPalette.swift */; };
		30C315B2229C88EE00B36C58 /* ImagePreviewNavigationController.swift in Sources */ = {isa = PBXBuildFile; fileRef = 30C315B1229C88EE00B36C58 /* ImagePreviewNavigationController.swift */; };
		30C315B4229C93A200B36C58 /* BatchGeneratorNavigationController.swift in Sources */ = {isa = PBXBuildFile; fileRef = 30C315B3229C93A200B36C58 /* BatchGeneratorNavigationController.swift */; };
		30C315B6229C93B400B36C58 /* BatchGeneratorViewController.swift in Sources */ = {isa = PBXBuildFile; fileRef = 30C315B5229C93B400B36C58 /* BatchGeneratorViewController.swift */; };
		30C315B8229C96AD00B36C58 /* ContactWriter.swift in Sources */ = {isa = PBXBuildFile; fileRef = 30C315B7229C96AD00B36C58 /* ContactWriter.swift */; };
/* End PBXBuildFile section */

/* Begin PBXContainerItemProxy section */
		0B4064A42299E00A00D2BFFF /* PBXContainerItemProxy */ = {
			isa = PBXContainerItemProxy;
			containerPortal = 0B4064872299E00800D2BFFF /* Project object */;
			proxyType = 1;
			remoteGlobalIDString = 0B40648E2299E00800D2BFFF;
			remoteInfo = micopi;
		};
		0B4064AF2299E00A00D2BFFF /* PBXContainerItemProxy */ = {
			isa = PBXContainerItemProxy;
			containerPortal = 0B4064872299E00800D2BFFF /* Project object */;
			proxyType = 1;
			remoteGlobalIDString = 0B40648E2299E00800D2BFFF;
			remoteInfo = micopi;
		};
/* End PBXContainerItemProxy section */

/* Begin PBXFileReference section */
		0B40648F2299E00800D2BFFF /* micopi.app */ = {isa = PBXFileReference; explicitFileType = wrapper.application; includeInIndex = 0; path = micopi.app; sourceTree = BUILT_PRODUCTS_DIR; };
		0B4064922299E00800D2BFFF /* AppDelegate.swift */ = {isa = PBXFileReference; lastKnownFileType = sourcecode.swift; path = AppDelegate.swift; sourceTree = "<group>"; };
		0B4064942299E00800D2BFFF /* MenuViewController.swift */ = {isa = PBXFileReference; lastKnownFileType = sourcecode.swift; path = MenuViewController.swift; sourceTree = "<group>"; };
		0B4064972299E00800D2BFFF /* Base */ = {isa = PBXFileReference; lastKnownFileType = file.storyboard; name = Base; path = Base.lproj/Main.storyboard; sourceTree = "<group>"; };
		0B4064992299E00A00D2BFFF /* Assets.xcassets */ = {isa = PBXFileReference; lastKnownFileType = folder.assetcatalog; path = Assets.xcassets; sourceTree = "<group>"; };
		0B40649C2299E00A00D2BFFF /* Base */ = {isa = PBXFileReference; lastKnownFileType = file.storyboard; name = Base; path = Base.lproj/LaunchScreen.storyboard; sourceTree = "<group>"; };
		0B40649E2299E00A00D2BFFF /* Info.plist */ = {isa = PBXFileReference; lastKnownFileType = text.plist.xml; path = Info.plist; sourceTree = "<group>"; };
		0B4064A32299E00A00D2BFFF /* micopiTests.xctest */ = {isa = PBXFileReference; explicitFileType = wrapper.cfbundle; includeInIndex = 0; path = micopiTests.xctest; sourceTree = BUILT_PRODUCTS_DIR; };
		0B4064A72299E00A00D2BFFF /* micopiTests.swift */ = {isa = PBXFileReference; lastKnownFileType = sourcecode.swift; path = micopiTests.swift; sourceTree = "<group>"; };
		0B4064A92299E00A00D2BFFF /* Info.plist */ = {isa = PBXFileReference; lastKnownFileType = text.plist.xml; path = Info.plist; sourceTree = "<group>"; };
		0B4064AE2299E00A00D2BFFF /* micopiUITests.xctest */ = {isa = PBXFileReference; explicitFileType = wrapper.cfbundle; includeInIndex = 0; path = micopiUITests.xctest; sourceTree = BUILT_PRODUCTS_DIR; };
		0B4064B22299E00A00D2BFFF /* micopiUITests.swift */ = {isa = PBXFileReference; lastKnownFileType = sourcecode.swift; path = micopiUITests.swift; sourceTree = "<group>"; };
		0B4064B42299E00A00D2BFFF /* Info.plist */ = {isa = PBXFileReference; lastKnownFileType = text.plist.xml; path = Info.plist; sourceTree = "<group>"; };
		0B4064C02299E28C00D2BFFF /* ContactPickerWrapperViewController.swift */ = {isa = PBXFileReference; lastKnownFileType = sourcecode.swift; path = ContactPickerWrapperViewController.swift; sourceTree = "<group>"; };
		0B4064C62299ED8F00D2BFFF /* Contact.swift */ = {isa = PBXFileReference; lastKnownFileType = sourcecode.swift; path = Contact.swift; sourceTree = "<group>"; };
		0B4064C82299EE1B00D2BFFF /* ContactCNConverter.swift */ = {isa = PBXFileReference; lastKnownFileType = sourcecode.swift; path = ContactCNConverter.swift; sourceTree = "<group>"; };
		0B56545A229C1DA8000076E0 /* ContactHashWrapper.swift */ = {isa = PBXFileReference; lastKnownFileType = sourcecode.swift; path = ContactHashWrapper.swift; sourceTree = "<group>"; };
		0B56545C229C20B1000076E0 /* ImagePreviewViewController.swift */ = {isa = PBXFileReference; lastKnownFileType = sourcecode.swift; path = ImagePreviewViewController.swift; sourceTree = "<group>"; };
		0B97D51422B0500800B84594 /* ARGBColor.swift */ = {isa = PBXFileReference; lastKnownFileType = sourcecode.swift; path = ARGBColor.swift; sourceTree = "<group>"; };
		0B97D51722B0508C00B84594 /* RandomColorGenerator.swift */ = {isa = PBXFileReference; lastKnownFileType = sourcecode.swift; path = RandomColorGenerator.swift; sourceTree = "<group>"; };
		0B98D82222A9B3F8009B266B /* InitialsDrawer.swift */ = {isa = PBXFileReference; lastKnownFileType = sourcecode.swift; path = InitialsDrawer.swift; sourceTree = "<group>"; };
		0B98D82422A9B51F009B266B /* FoliageNode.swift */ = {isa = PBXFileReference; lastKnownFileType = sourcecode.swift; path = FoliageNode.swift; sourceTree = "<group>"; };
		0B98D82622A9B5C2009B266B /* Foliage.swift */ = {isa = PBXFileReference; lastKnownFileType = sourcecode.swift; path = Foliage.swift; sourceTree = "<group>"; };
		0B98D82822A9B969009B266B /* RandomNumberGenerator.swift */ = {isa = PBXFileReference; lastKnownFileType = sourcecode.swift; path = RandomNumberGenerator.swift; sourceTree = "<group>"; };
		0B98D82A22A9C7F0009B266B /* Calculator.swift */ = {isa = PBXFileReference; lastKnownFileType = sourcecode.swift; path = Calculator.swift; sourceTree = "<group>"; };
		0B98D82C22A9C901009B266B /* FoliageNodeCGDrawer.swift */ = {isa = PBXFileReference; lastKnownFileType = sourcecode.swift; path = FoliageNodeCGDrawer.swift; sourceTree = "<group>"; };
		3010CE94229DD85200CD32D4 /* ContactImageEngine.swift */ = {isa = PBXFileReference; lastKnownFileType = sourcecode.swift; path = ContactImageEngine.swift; sourceTree = "<group>"; };
		3072609222AA919D003B2FC4 /* BackgroundCGDrawer.swift */ = {isa = PBXFileReference; lastKnownFileType = sourcecode.swift; path = BackgroundCGDrawer.swift; sourceTree = "<group>"; };
		3072609422AA9741003B2FC4 /* FoliageGenerator.swift */ = {isa = PBXFileReference; lastKnownFileType = sourcecode.swift; path = FoliageGenerator.swift; sourceTree = "<group>"; };
		3074EEA522ADA58E008445DD /* GradientDrawer.swift */ = {isa = PBXFileReference; lastKnownFileType = sourcecode.swift; path = GradientDrawer.swift; sourceTree = "<group>"; };
		3074EEA722ADA68F008445DD /* ColorPalette.swift */ = {isa = PBXFileReference; lastKnownFileType = sourcecode.swift; path = ColorPalette.swift; sourceTree = "<group>"; };
		30C315B1229C88EE00B36C58 /* ImagePreviewNavigationController.swift */ = {isa = PBXFileReference; fileEncoding = 4; lastKnownFileType = sourcecode.swift; path = ImagePreviewNavigationController.swift; sourceTree = "<group>"; };
		30C315B3229C93A200B36C58 /* BatchGeneratorNavigationController.swift */ = {isa = PBXFileReference; lastKnownFileType = sourcecode.swift; path = BatchGeneratorNavigationController.swift; sourceTree = "<group>"; };
		30C315B5229C93B400B36C58 /* BatchGeneratorViewController.swift */ = {isa = PBXFileReference; lastKnownFileType = sourcecode.swift; path = BatchGeneratorViewController.swift; sourceTree = "<group>"; };
		30C315B7229C96AD00B36C58 /* ContactWriter.swift */ = {isa = PBXFileReference; lastKnownFileType = sourcecode.swift; path = ContactWriter.swift; sourceTree = "<group>"; };
/* End PBXFileReference section */

/* Begin PBXFrameworksBuildPhase section */
		0B40648C2299E00800D2BFFF /* Frameworks */ = {
			isa = PBXFrameworksBuildPhase;
			buildActionMask = 2147483647;
			files = (
			);
			runOnlyForDeploymentPostprocessing = 0;
		};
		0B4064A02299E00A00D2BFFF /* Frameworks */ = {
			isa = PBXFrameworksBuildPhase;
			buildActionMask = 2147483647;
			files = (
			);
			runOnlyForDeploymentPostprocessing = 0;
		};
		0B4064AB2299E00A00D2BFFF /* Frameworks */ = {
			isa = PBXFrameworksBuildPhase;
			buildActionMask = 2147483647;
			files = (
			);
			runOnlyForDeploymentPostprocessing = 0;
		};
/* End PBXFrameworksBuildPhase section */

/* Begin PBXGroup section */
		0B4064862299E00800D2BFFF = {
			isa = PBXGroup;
			children = (
				0B4064912299E00800D2BFFF /* micopi */,
				0B4064A62299E00A00D2BFFF /* micopiTests */,
				0B4064B12299E00A00D2BFFF /* micopiUITests */,
				0B4064902299E00800D2BFFF /* Products */,
			);
			sourceTree = "<group>";
		};
		0B4064902299E00800D2BFFF /* Products */ = {
			isa = PBXGroup;
			children = (
				0B40648F2299E00800D2BFFF /* micopi.app */,
				0B4064A32299E00A00D2BFFF /* micopiTests.xctest */,
				0B4064AE2299E00A00D2BFFF /* micopiUITests.xctest */,
			);
			name = Products;
			sourceTree = "<group>";
		};
		0B4064912299E00800D2BFFF /* micopi */ = {
			isa = PBXGroup;
			children = (
				0B40649E2299E00A00D2BFFF /* Info.plist */,
				0B4064922299E00800D2BFFF /* AppDelegate.swift */,
				0B4064C52299ED3A00D2BFFF /* Data */,
				3010CE93229DD82100CD32D4 /* Engine */,
				0B4064C22299E2A600D2BFFF /* UI */,
			);
			path = micopi;
			sourceTree = "<group>";
		};
		0B4064A62299E00A00D2BFFF /* micopiTests */ = {
			isa = PBXGroup;
			children = (
				0B4064A72299E00A00D2BFFF /* micopiTests.swift */,
				0B4064A92299E00A00D2BFFF /* Info.plist */,
			);
			path = micopiTests;
			sourceTree = "<group>";
		};
		0B4064B12299E00A00D2BFFF /* micopiUITests */ = {
			isa = PBXGroup;
			children = (
				0B4064B22299E00A00D2BFFF /* micopiUITests.swift */,
				0B4064B42299E00A00D2BFFF /* Info.plist */,
			);
			path = micopiUITests;
			sourceTree = "<group>";
		};
		0B4064C22299E2A600D2BFFF /* UI */ = {
			isa = PBXGroup;
			children = (
				30C315B3229C93A200B36C58 /* BatchGeneratorNavigationController.swift */,
				30C315B5229C93B400B36C58 /* BatchGeneratorViewController.swift */,
				0B4064C02299E28C00D2BFFF /* ContactPickerWrapperViewController.swift */,
				30C315B1229C88EE00B36C58 /* ImagePreviewNavigationController.swift */,
				0B56545C229C20B1000076E0 /* ImagePreviewViewController.swift */,
				0B4064942299E00800D2BFFF /* MenuViewController.swift */,
				0B4064992299E00A00D2BFFF /* Assets.xcassets */,
				0B40649B2299E00A00D2BFFF /* LaunchScreen.storyboard */,
				0B4064962299E00800D2BFFF /* Main.storyboard */,
			);
			path = UI;
			sourceTree = "<group>";
		};
		0B4064C52299ED3A00D2BFFF /* Data */ = {
			isa = PBXGroup;
			children = (
				0B4064C62299ED8F00D2BFFF /* Contact.swift */,
				0B4064C82299EE1B00D2BFFF /* ContactCNConverter.swift */,
				0B56545A229C1DA8000076E0 /* ContactHashWrapper.swift */,
				30C315B7229C96AD00B36C58 /* ContactWriter.swift */,
			);
			path = Data;
			sourceTree = "<group>";
		};
		0B97D51622B0507700B84594 /* Color */ = {
			isa = PBXGroup;
			children = (
				0B97D51422B0500800B84594 /* ARGBColor.swift */,
				3074EEA722ADA68F008445DD /* ColorPalette.swift */,
				0B97D51722B0508C00B84594 /* RandomColorGenerator.swift */,
			);
			path = Color;
			sourceTree = "<group>";
		};
		0B97D51922B0582F00B84594 /* Foliage */ = {
			isa = PBXGroup;
			children = (
				0B98D82A22A9C7F0009B266B /* Calculator.swift */,
				0B98D82622A9B5C2009B266B /* Foliage.swift */,
				3072609422AA9741003B2FC4 /* FoliageGenerator.swift */,
				0B98D82422A9B51F009B266B /* FoliageNode.swift */,
				0B98D82C22A9C901009B266B /* FoliageNodeCGDrawer.swift */,
			);
			path = Foliage;
			sourceTree = "<group>";
		};
		3010CE93229DD82100CD32D4 /* Engine */ = {
			isa = PBXGroup;
			children = (
				3072609222AA919D003B2FC4 /* BackgroundCGDrawer.swift */,
				3010CE94229DD85200CD32D4 /* ContactImageEngine.swift */,
				3074EEA522ADA58E008445DD /* GradientDrawer.swift */,
				0B98D82222A9B3F8009B266B /* InitialsDrawer.swift */,
				0B98D82822A9B969009B266B /* RandomNumberGenerator.swift */,
				0B97D51622B0507700B84594 /* Color */,
				0B97D51922B0582F00B84594 /* Foliage */,
			);
			path = Engine;
			sourceTree = "<group>";
		};
/* End PBXGroup section */

/* Begin PBXNativeTarget section */
		0B40648E2299E00800D2BFFF /* micopi */ = {
			isa = PBXNativeTarget;
			buildConfigurationList = 0B4064B72299E00A00D2BFFF /* Build configuration list for PBXNativeTarget "micopi" */;
			buildPhases = (
				0B40648B2299E00800D2BFFF /* Sources */,
				0B40648C2299E00800D2BFFF /* Frameworks */,
				0B40648D2299E00800D2BFFF /* Resources */,
			);
			buildRules = (
			);
			dependencies = (
			);
			name = micopi;
			productName = micopi;
			productReference = 0B40648F2299E00800D2BFFF /* micopi.app */;
			productType = "com.apple.product-type.application";
		};
		0B4064A22299E00A00D2BFFF /* micopiTests */ = {
			isa = PBXNativeTarget;
			buildConfigurationList = 0B4064BA2299E00A00D2BFFF /* Build configuration list for PBXNativeTarget "micopiTests" */;
			buildPhases = (
				0B40649F2299E00A00D2BFFF /* Sources */,
				0B4064A02299E00A00D2BFFF /* Frameworks */,
				0B4064A12299E00A00D2BFFF /* Resources */,
			);
			buildRules = (
			);
			dependencies = (
				0B4064A52299E00A00D2BFFF /* PBXTargetDependency */,
			);
			name = micopiTests;
			productName = micopiTests;
			productReference = 0B4064A32299E00A00D2BFFF /* micopiTests.xctest */;
			productType = "com.apple.product-type.bundle.unit-test";
		};
		0B4064AD2299E00A00D2BFFF /* micopiUITests */ = {
			isa = PBXNativeTarget;
			buildConfigurationList = 0B4064BD2299E00A00D2BFFF /* Build configuration list for PBXNativeTarget "micopiUITests" */;
			buildPhases = (
				0B4064AA2299E00A00D2BFFF /* Sources */,
				0B4064AB2299E00A00D2BFFF /* Frameworks */,
				0B4064AC2299E00A00D2BFFF /* Resources */,
			);
			buildRules = (
			);
			dependencies = (
				0B4064B02299E00A00D2BFFF /* PBXTargetDependency */,
			);
			name = micopiUITests;
			productName = micopiUITests;
			productReference = 0B4064AE2299E00A00D2BFFF /* micopiUITests.xctest */;
			productType = "com.apple.product-type.bundle.ui-testing";
		};
/* End PBXNativeTarget section */

/* Begin PBXProject section */
		0B4064872299E00800D2BFFF /* Project object */ = {
			isa = PBXProject;
			attributes = {
				LastSwiftUpdateCheck = 1020;
				LastUpgradeCheck = 1020;
				ORGANIZATIONNAME = "Things I Like GmbH";
				TargetAttributes = {
					0B40648E2299E00800D2BFFF = {
						CreatedOnToolsVersion = 10.2.1;
					};
					0B4064A22299E00A00D2BFFF = {
						CreatedOnToolsVersion = 10.2.1;
						TestTargetID = 0B40648E2299E00800D2BFFF;
					};
					0B4064AD2299E00A00D2BFFF = {
						CreatedOnToolsVersion = 10.2.1;
						TestTargetID = 0B40648E2299E00800D2BFFF;
					};
				};
			};
			buildConfigurationList = 0B40648A2299E00800D2BFFF /* Build configuration list for PBXProject "micopi" */;
			compatibilityVersion = "Xcode 9.3";
			developmentRegion = en;
			hasScannedForEncodings = 0;
			knownRegions = (
				en,
				Base,
			);
			mainGroup = 0B4064862299E00800D2BFFF;
			productRefGroup = 0B4064902299E00800D2BFFF /* Products */;
			projectDirPath = "";
			projectRoot = "";
			targets = (
				0B40648E2299E00800D2BFFF /* micopi */,
				0B4064A22299E00A00D2BFFF /* micopiTests */,
				0B4064AD2299E00A00D2BFFF /* micopiUITests */,
			);
		};
/* End PBXProject section */

/* Begin PBXResourcesBuildPhase section */
		0B40648D2299E00800D2BFFF /* Resources */ = {
			isa = PBXResourcesBuildPhase;
			buildActionMask = 2147483647;
			files = (
				0B40649D2299E00A00D2BFFF /* LaunchScreen.storyboard in Resources */,
				0B40649A2299E00A00D2BFFF /* Assets.xcassets in Resources */,
				0B4064982299E00800D2BFFF /* Main.storyboard in Resources */,
			);
			runOnlyForDeploymentPostprocessing = 0;
		};
		0B4064A12299E00A00D2BFFF /* Resources */ = {
			isa = PBXResourcesBuildPhase;
			buildActionMask = 2147483647;
			files = (
			);
			runOnlyForDeploymentPostprocessing = 0;
		};
		0B4064AC2299E00A00D2BFFF /* Resources */ = {
			isa = PBXResourcesBuildPhase;
			buildActionMask = 2147483647;
			files = (
			);
			runOnlyForDeploymentPostprocessing = 0;
		};
/* End PBXResourcesBuildPhase section */

/* Begin PBXSourcesBuildPhase section */
		0B40648B2299E00800D2BFFF /* Sources */ = {
			isa = PBXSourcesBuildPhase;
			buildActionMask = 2147483647;
			files = (
				0B98D82D22A9C901009B266B /* FoliageNodeCGDrawer.swift in Sources */,
				30C315B2229C88EE00B36C58 /* ImagePreviewNavigationController.swift in Sources */,
				0B97D51522B0500800B84594 /* ARGBColor.swift in Sources */,
				0B56545B229C1DA8000076E0 /* ContactHashWrapper.swift in Sources */,
				0B97D51822B0508C00B84594 /* RandomColorGenerator.swift in Sources */,
				0B98D82722A9B5C2009B266B /* Foliage.swift in Sources */,
				0B98D82922A9B969009B266B /* RandomNumberGenerator.swift in Sources */,
				0B4064C92299EE1B00D2BFFF /* ContactCNConverter.swift in Sources */,
				0B98D82322A9B3F8009B266B /* InitialsDrawer.swift in Sources */,
				0B56545D229C20B1000076E0 /* ImagePreviewViewController.swift in Sources */,
				0B98D82B22A9C7F0009B266B /* Calculator.swift in Sources */,
				0B98D82522A9B51F009B266B /* FoliageNode.swift in Sources */,
				3072609322AA919D003B2FC4 /* BackgroundCGDrawer.swift in Sources */,
				3072609522AA9741003B2FC4 /* FoliageGenerator.swift in Sources */,
				3010CE95229DD85200CD32D4 /* ContactImageEngine.swift in Sources */,
				30C315B4229C93A200B36C58 /* BatchGeneratorNavigationController.swift in Sources */,
				3074EEA622ADA58E008445DD /* GradientDrawer.swift in Sources */,
				30C315B6229C93B400B36C58 /* BatchGeneratorViewController.swift in Sources */,
				0B4064C72299ED8F00D2BFFF /* Contact.swift in Sources */,
				30C315B8229C96AD00B36C58 /* ContactWriter.swift in Sources */,
				0B4064952299E00800D2BFFF /* MenuViewController.swift in Sources */,
				0B4064932299E00800D2BFFF /* AppDelegate.swift in Sources */,
				0B4064C12299E28C00D2BFFF /* ContactPickerWrapperViewController.swift in Sources */,
				3074EEA822ADA68F008445DD /* ColorPalette.swift in Sources */,
			);
			runOnlyForDeploymentPostprocessing = 0;
		};
		0B40649F2299E00A00D2BFFF /* Sources */ = {
			isa = PBXSourcesBuildPhase;
			buildActionMask = 2147483647;
			files = (
				0B4064A82299E00A00D2BFFF /* micopiTests.swift in Sources */,
			);
			runOnlyForDeploymentPostprocessing = 0;
		};
		0B4064AA2299E00A00D2BFFF /* Sources */ = {
			isa = PBXSourcesBuildPhase;
			buildActionMask = 2147483647;
			files = (
				0B4064B32299E00A00D2BFFF /* micopiUITests.swift in Sources */,
			);
			runOnlyForDeploymentPostprocessing = 0;
		};
/* End PBXSourcesBuildPhase section */

/* Begin PBXTargetDependency section */
		0B4064A52299E00A00D2BFFF /* PBXTargetDependency */ = {
			isa = PBXTargetDependency;
			target = 0B40648E2299E00800D2BFFF /* micopi */;
			targetProxy = 0B4064A42299E00A00D2BFFF /* PBXContainerItemProxy */;
		};
		0B4064B02299E00A00D2BFFF /* PBXTargetDependency */ = {
			isa = PBXTargetDependency;
			target = 0B40648E2299E00800D2BFFF /* micopi */;
			targetProxy = 0B4064AF2299E00A00D2BFFF /* PBXContainerItemProxy */;
		};
/* End PBXTargetDependency section */

/* Begin PBXVariantGroup section */
		0B4064962299E00800D2BFFF /* Main.storyboard */ = {
			isa = PBXVariantGroup;
			children = (
				0B4064972299E00800D2BFFF /* Base */,
			);
			name = Main.storyboard;
			sourceTree = "<group>";
		};
		0B40649B2299E00A00D2BFFF /* LaunchScreen.storyboard */ = {
			isa = PBXVariantGroup;
			children = (
				0B40649C2299E00A00D2BFFF /* Base */,
			);
			name = LaunchScreen.storyboard;
			sourceTree = "<group>";
		};
/* End PBXVariantGroup section */

/* Begin XCBuildConfiguration section */
		0B4064B52299E00A00D2BFFF /* Debug */ = {
			isa = XCBuildConfiguration;
			buildSettings = {
				ALWAYS_SEARCH_USER_PATHS = NO;
				CLANG_ANALYZER_NONNULL = YES;
				CLANG_ANALYZER_NUMBER_OBJECT_CONVERSION = YES_AGGRESSIVE;
				CLANG_CXX_LANGUAGE_STANDARD = "gnu++14";
				CLANG_CXX_LIBRARY = "libc++";
				CLANG_ENABLE_MODULES = YES;
				CLANG_ENABLE_OBJC_ARC = YES;
				CLANG_ENABLE_OBJC_WEAK = YES;
				CLANG_WARN_BLOCK_CAPTURE_AUTORELEASING = YES;
				CLANG_WARN_BOOL_CONVERSION = YES;
				CLANG_WARN_COMMA = YES;
				CLANG_WARN_CONSTANT_CONVERSION = YES;
				CLANG_WARN_DEPRECATED_OBJC_IMPLEMENTATIONS = YES;
				CLANG_WARN_DIRECT_OBJC_ISA_USAGE = YES_ERROR;
				CLANG_WARN_DOCUMENTATION_COMMENTS = YES;
				CLANG_WARN_EMPTY_BODY = YES;
				CLANG_WARN_ENUM_CONVERSION = YES;
				CLANG_WARN_INFINITE_RECURSION = YES;
				CLANG_WARN_INT_CONVERSION = YES;
				CLANG_WARN_NON_LITERAL_NULL_CONVERSION = YES;
				CLANG_WARN_OBJC_IMPLICIT_RETAIN_SELF = YES;
				CLANG_WARN_OBJC_LITERAL_CONVERSION = YES;
				CLANG_WARN_OBJC_ROOT_CLASS = YES_ERROR;
				CLANG_WARN_RANGE_LOOP_ANALYSIS = YES;
				CLANG_WARN_STRICT_PROTOTYPES = YES;
				CLANG_WARN_SUSPICIOUS_MOVE = YES;
				CLANG_WARN_UNGUARDED_AVAILABILITY = YES_AGGRESSIVE;
				CLANG_WARN_UNREACHABLE_CODE = YES;
				CLANG_WARN__DUPLICATE_METHOD_MATCH = YES;
				CODE_SIGN_IDENTITY = "iPhone Developer";
				COPY_PHASE_STRIP = NO;
				DEBUG_INFORMATION_FORMAT = dwarf;
				ENABLE_STRICT_OBJC_MSGSEND = YES;
				ENABLE_TESTABILITY = YES;
				GCC_C_LANGUAGE_STANDARD = gnu11;
				GCC_DYNAMIC_NO_PIC = NO;
				GCC_NO_COMMON_BLOCKS = YES;
				GCC_OPTIMIZATION_LEVEL = 0;
				GCC_PREPROCESSOR_DEFINITIONS = (
					"DEBUG=1",
					"$(inherited)",
				);
				GCC_WARN_64_TO_32_BIT_CONVERSION = YES;
				GCC_WARN_ABOUT_RETURN_TYPE = YES_ERROR;
				GCC_WARN_UNDECLARED_SELECTOR = YES;
				GCC_WARN_UNINITIALIZED_AUTOS = YES_AGGRESSIVE;
				GCC_WARN_UNUSED_FUNCTION = YES;
				GCC_WARN_UNUSED_VARIABLE = YES;
				IPHONEOS_DEPLOYMENT_TARGET = 12.0;
				MTL_ENABLE_DEBUG_INFO = INCLUDE_SOURCE;
				MTL_FAST_MATH = YES;
				ONLY_ACTIVE_ARCH = YES;
				SDKROOT = iphoneos;
				SWIFT_ACTIVE_COMPILATION_CONDITIONS = DEBUG;
				SWIFT_OPTIMIZATION_LEVEL = "-Onone";
			};
			name = Debug;
		};
		0B4064B62299E00A00D2BFFF /* Release */ = {
			isa = XCBuildConfiguration;
			buildSettings = {
				ALWAYS_SEARCH_USER_PATHS = NO;
				CLANG_ANALYZER_NONNULL = YES;
				CLANG_ANALYZER_NUMBER_OBJECT_CONVERSION = YES_AGGRESSIVE;
				CLANG_CXX_LANGUAGE_STANDARD = "gnu++14";
				CLANG_CXX_LIBRARY = "libc++";
				CLANG_ENABLE_MODULES = YES;
				CLANG_ENABLE_OBJC_ARC = YES;
				CLANG_ENABLE_OBJC_WEAK = YES;
				CLANG_WARN_BLOCK_CAPTURE_AUTORELEASING = YES;
				CLANG_WARN_BOOL_CONVERSION = YES;
				CLANG_WARN_COMMA = YES;
				CLANG_WARN_CONSTANT_CONVERSION = YES;
				CLANG_WARN_DEPRECATED_OBJC_IMPLEMENTATIONS = YES;
				CLANG_WARN_DIRECT_OBJC_ISA_USAGE = YES_ERROR;
				CLANG_WARN_DOCUMENTATION_COMMENTS = YES;
				CLANG_WARN_EMPTY_BODY = YES;
				CLANG_WARN_ENUM_CONVERSION = YES;
				CLANG_WARN_INFINITE_RECURSION = YES;
				CLANG_WARN_INT_CONVERSION = YES;
				CLANG_WARN_NON_LITERAL_NULL_CONVERSION = YES;
				CLANG_WARN_OBJC_IMPLICIT_RETAIN_SELF = YES;
				CLANG_WARN_OBJC_LITERAL_CONVERSION = YES;
				CLANG_WARN_OBJC_ROOT_CLASS = YES_ERROR;
				CLANG_WARN_RANGE_LOOP_ANALYSIS = YES;
				CLANG_WARN_STRICT_PROTOTYPES = YES;
				CLANG_WARN_SUSPICIOUS_MOVE = YES;
				CLANG_WARN_UNGUARDED_AVAILABILITY = YES_AGGRESSIVE;
				CLANG_WARN_UNREACHABLE_CODE = YES;
				CLANG_WARN__DUPLICATE_METHOD_MATCH = YES;
				CODE_SIGN_IDENTITY = "iPhone Developer";
				COPY_PHASE_STRIP = NO;
				DEBUG_INFORMATION_FORMAT = "dwarf-with-dsym";
				ENABLE_NS_ASSERTIONS = NO;
				ENABLE_STRICT_OBJC_MSGSEND = YES;
				GCC_C_LANGUAGE_STANDARD = gnu11;
				GCC_NO_COMMON_BLOCKS = YES;
				GCC_WARN_64_TO_32_BIT_CONVERSION = YES;
				GCC_WARN_ABOUT_RETURN_TYPE = YES_ERROR;
				GCC_WARN_UNDECLARED_SELECTOR = YES;
				GCC_WARN_UNINITIALIZED_AUTOS = YES_AGGRESSIVE;
				GCC_WARN_UNUSED_FUNCTION = YES;
				GCC_WARN_UNUSED_VARIABLE = YES;
				IPHONEOS_DEPLOYMENT_TARGET = 12.0;
				MTL_ENABLE_DEBUG_INFO = NO;
				MTL_FAST_MATH = YES;
				SDKROOT = iphoneos;
				SWIFT_COMPILATION_MODE = wholemodule;
				SWIFT_OPTIMIZATION_LEVEL = "-O";
				VALIDATE_PRODUCT = YES;
			};
			name = Release;
		};
		0B4064B82299E00A00D2BFFF /* Debug */ = {
			isa = XCBuildConfiguration;
			buildSettings = {
				ASSETCATALOG_COMPILER_APPICON_NAME = AppIcon;
				CODE_SIGN_STYLE = Automatic;
				DEVELOPMENT_TEAM = 4942X8FYB7;
				INFOPLIST_FILE = micopi/Info.plist;
				LD_RUNPATH_SEARCH_PATHS = (
					"$(inherited)",
					"@executable_path/Frameworks",
				);
				PRODUCT_BUNDLE_IDENTIFIER = org.eztarget.micopi;
				PRODUCT_NAME = "$(TARGET_NAME)";
				SWIFT_VERSION = 5.0;
				TARGETED_DEVICE_FAMILY = "1,2";
			};
			name = Debug;
		};
		0B4064B92299E00A00D2BFFF /* Release */ = {
			isa = XCBuildConfiguration;
			buildSettings = {
				ASSETCATALOG_COMPILER_APPICON_NAME = AppIcon;
				CODE_SIGN_STYLE = Automatic;
				DEVELOPMENT_TEAM = 4942X8FYB7;
				INFOPLIST_FILE = micopi/Info.plist;
				LD_RUNPATH_SEARCH_PATHS = (
					"$(inherited)",
					"@executable_path/Frameworks",
				);
				PRODUCT_BUNDLE_IDENTIFIER = org.eztarget.micopi;
				PRODUCT_NAME = "$(TARGET_NAME)";
				SWIFT_VERSION = 5.0;
				TARGETED_DEVICE_FAMILY = "1,2";
			};
			name = Release;
		};
		0B4064BB2299E00A00D2BFFF /* Debug */ = {
			isa = XCBuildConfiguration;
			buildSettings = {
				ALWAYS_EMBED_SWIFT_STANDARD_LIBRARIES = YES;
				BUNDLE_LOADER = "$(TEST_HOST)";
				CODE_SIGN_STYLE = Automatic;
				DEVELOPMENT_TEAM = 4942X8FYB7;
				INFOPLIST_FILE = micopiTests/Info.plist;
				LD_RUNPATH_SEARCH_PATHS = (
					"$(inherited)",
					"@executable_path/Frameworks",
					"@loader_path/Frameworks",
				);
				PRODUCT_BUNDLE_IDENTIFIER = org.eztarget.micopiTests;
				PRODUCT_NAME = "$(TARGET_NAME)";
				SWIFT_VERSION = 5.0;
				TARGETED_DEVICE_FAMILY = "1,2";
				TEST_HOST = "$(BUILT_PRODUCTS_DIR)/micopi.app/micopi";
			};
			name = Debug;
		};
		0B4064BC2299E00A00D2BFFF /* Release */ = {
			isa = XCBuildConfiguration;
			buildSettings = {
				ALWAYS_EMBED_SWIFT_STANDARD_LIBRARIES = YES;
				BUNDLE_LOADER = "$(TEST_HOST)";
				CODE_SIGN_STYLE = Automatic;
				DEVELOPMENT_TEAM = 4942X8FYB7;
				INFOPLIST_FILE = micopiTests/Info.plist;
				LD_RUNPATH_SEARCH_PATHS = (
					"$(inherited)",
					"@executable_path/Frameworks",
					"@loader_path/Frameworks",
				);
				PRODUCT_BUNDLE_IDENTIFIER = org.eztarget.micopiTests;
				PRODUCT_NAME = "$(TARGET_NAME)";
				SWIFT_VERSION = 5.0;
				TARGETED_DEVICE_FAMILY = "1,2";
				TEST_HOST = "$(BUILT_PRODUCTS_DIR)/micopi.app/micopi";
			};
			name = Release;
		};
		0B4064BE2299E00A00D2BFFF /* Debug */ = {
			isa = XCBuildConfiguration;
			buildSettings = {
				ALWAYS_EMBED_SWIFT_STANDARD_LIBRARIES = YES;
				CODE_SIGN_STYLE = Automatic;
				DEVELOPMENT_TEAM = 4942X8FYB7;
				INFOPLIST_FILE = micopiUITests/Info.plist;
				LD_RUNPATH_SEARCH_PATHS = (
					"$(inherited)",
					"@executable_path/Frameworks",
					"@loader_path/Frameworks",
				);
				PRODUCT_BUNDLE_IDENTIFIER = org.eztarget.micopiUITests;
				PRODUCT_NAME = "$(TARGET_NAME)";
				SWIFT_VERSION = 5.0;
				TARGETED_DEVICE_FAMILY = "1,2";
				TEST_TARGET_NAME = micopi;
			};
			name = Debug;
		};
		0B4064BF2299E00A00D2BFFF /* Release */ = {
			isa = XCBuildConfiguration;
			buildSettings = {
				ALWAYS_EMBED_SWIFT_STANDARD_LIBRARIES = YES;
				CODE_SIGN_STYLE = Automatic;
				DEVELOPMENT_TEAM = 4942X8FYB7;
				INFOPLIST_FILE = micopiUITests/Info.plist;
				LD_RUNPATH_SEARCH_PATHS = (
					"$(inherited)",
					"@executable_path/Frameworks",
					"@loader_path/Frameworks",
				);
				PRODUCT_BUNDLE_IDENTIFIER = org.eztarget.micopiUITests;
				PRODUCT_NAME = "$(TARGET_NAME)";
				SWIFT_VERSION = 5.0;
				TARGETED_DEVICE_FAMILY = "1,2";
				TEST_TARGET_NAME = micopi;
			};
			name = Release;
		};
/* End XCBuildConfiguration section */

/* Begin XCConfigurationList section */
		0B40648A2299E00800D2BFFF /* Build configuration list for PBXProject "micopi" */ = {
			isa = XCConfigurationList;
			buildConfigurations = (
				0B4064B52299E00A00D2BFFF /* Debug */,
				0B4064B62299E00A00D2BFFF /* Release */,
			);
			defaultConfigurationIsVisible = 0;
			defaultConfigurationName = Release;
		};
		0B4064B72299E00A00D2BFFF /* Build configuration list for PBXNativeTarget "micopi" */ = {
			isa = XCConfigurationList;
			buildConfigurations = (
				0B4064B82299E00A00D2BFFF /* Debug */,
				0B4064B92299E00A00D2BFFF /* Release */,
			);
			defaultConfigurationIsVisible = 0;
			defaultConfigurationName = Release;
		};
		0B4064BA2299E00A00D2BFFF /* Build configuration list for PBXNativeTarget "micopiTests" */ = {
			isa = XCConfigurationList;
			buildConfigurations = (
				0B4064BB2299E00A00D2BFFF /* Debug */,
				0B4064BC2299E00A00D2BFFF /* Release */,
			);
			defaultConfigurationIsVisible = 0;
			defaultConfigurationName = Release;
		};
		0B4064BD2299E00A00D2BFFF /* Build configuration list for PBXNativeTarget "micopiUITests" */ = {
			isa = XCConfigurationList;
			buildConfigurations = (
				0B4064BE2299E00A00D2BFFF /* Debug */,
				0B4064BF2299E00A00D2BFFF /* Release */,
			);
			defaultConfigurationIsVisible = 0;
			defaultConfigurationName = Release;
		};
/* End XCConfigurationList section */
	};
	rootObject = 0B4064872299E00800D2BFFF /* Project object */;
}
